// !$*UTF8*$!
{
	archiveVersion = 1;
	classes = {
	};
	objectVersion = 46;
	objects = {

/* Begin PBXBuildFile section */
		0F0D29421E805758007A28A9 /* AppDelegate.swift in Sources */ = {isa = PBXBuildFile; fileRef = 0F0D29411E805758007A28A9 /* AppDelegate.swift */; };
		0F0D29441E805758007A28A9 /* ViewController.swift in Sources */ = {isa = PBXBuildFile; fileRef = 0F0D29431E805758007A28A9 /* ViewController.swift */; };
		0F0D29471E805758007A28A9 /* Main.storyboard in Resources */ = {isa = PBXBuildFile; fileRef = 0F0D29451E805758007A28A9 /* Main.storyboard */; };
		0F0D29491E805758007A28A9 /* Assets.xcassets in Resources */ = {isa = PBXBuildFile; fileRef = 0F0D29481E805758007A28A9 /* Assets.xcassets */; };
		0F0D294C1E805758007A28A9 /* LaunchScreen.storyboard in Resources */ = {isa = PBXBuildFile; fileRef = 0F0D294A1E805758007A28A9 /* LaunchScreen.storyboard */; };
		0F0D295B1E805C97007A28A9 /* UpBeacon.swift in Sources */ = {isa = PBXBuildFile; fileRef = 0F0D295A1E805C97007A28A9 /* UpBeacon.swift */; };
		0F0D296F1E807478007A28A9 /* UpBeaconCell.swift in Sources */ = {isa = PBXBuildFile; fileRef = 0F0D296E1E807478007A28A9 /* UpBeaconCell.swift */; };
		0F66C94D1E8E76A300F813F3 /* libAprilBeaconSDK.a in Frameworks */ = {isa = PBXBuildFile; fileRef = 0F66C94C1E8E76A300F813F3 /* libAprilBeaconSDK.a */; };
		0FEAF4581E868D0000DCE400 /* IRequestUpBeacon.swift in Sources */ = {isa = PBXBuildFile; fileRef = 0FEAF4571E868D0000DCE400 /* IRequestUpBeacon.swift */; };
		0FEAF45D1E86A73200DCE400 /* Constants.swift in Sources */ = {isa = PBXBuildFile; fileRef = 0FEAF45C1E86A73200DCE400 /* Constants.swift */; };
		A78F185B03E993B9A3F9B765 /* Pods_iBeacon.framework in Frameworks */ = {isa = PBXBuildFile; fileRef = 215BA3B4DB80DD02707530F1 /* Pods_iBeacon.framework */; };
/* End PBXBuildFile section */

/* Begin PBXFileReference section */
		0F0D293E1E805758007A28A9 /* iBeacon.app */ = {isa = PBXFileReference; explicitFileType = wrapper.application; includeInIndex = 0; path = iBeacon.app; sourceTree = BUILT_PRODUCTS_DIR; };
		0F0D29411E805758007A28A9 /* AppDelegate.swift */ = {isa = PBXFileReference; lastKnownFileType = sourcecode.swift; path = AppDelegate.swift; sourceTree = "<group>"; };
		0F0D29431E805758007A28A9 /* ViewController.swift */ = {isa = PBXFileReference; lastKnownFileType = sourcecode.swift; path = ViewController.swift; sourceTree = "<group>"; };
		0F0D29461E805758007A28A9 /* Base */ = {isa = PBXFileReference; lastKnownFileType = file.storyboard; name = Base; path = Base.lproj/Main.storyboard; sourceTree = "<group>"; };
		0F0D29481E805758007A28A9 /* Assets.xcassets */ = {isa = PBXFileReference; lastKnownFileType = folder.assetcatalog; path = Assets.xcassets; sourceTree = "<group>"; };
		0F0D294B1E805758007A28A9 /* Base */ = {isa = PBXFileReference; lastKnownFileType = file.storyboard; name = Base; path = Base.lproj/LaunchScreen.storyboard; sourceTree = "<group>"; };
		0F0D294D1E805758007A28A9 /* Info.plist */ = {isa = PBXFileReference; lastKnownFileType = text.plist.xml; path = Info.plist; sourceTree = "<group>"; };
		0F0D295A1E805C97007A28A9 /* UpBeacon.swift */ = {isa = PBXFileReference; fileEncoding = 4; lastKnownFileType = sourcecode.swift; path = UpBeacon.swift; sourceTree = "<group>"; };
		0F0D296E1E807478007A28A9 /* UpBeaconCell.swift */ = {isa = PBXFileReference; fileEncoding = 4; lastKnownFileType = sourcecode.swift; path = UpBeaconCell.swift; sourceTree = "<group>"; };
		0F50D9381E9E3CAA00CC2071 /* iBeacon-Bridging-Header.h */ = {isa = PBXFileReference; fileEncoding = 4; lastKnownFileType = sourcecode.c.h; path = "iBeacon-Bridging-Header.h"; sourceTree = "<group>"; };
		0F50D9451E9E41A300CC2071 /* ABBeacon.h */ = {isa = PBXFileReference; fileEncoding = 4; lastKnownFileType = sourcecode.c.h; path = ABBeacon.h; sourceTree = "<group>"; };
		0F50D9461E9E41A300CC2071 /* ABBeaconManager.h */ = {isa = PBXFileReference; fileEncoding = 4; lastKnownFileType = sourcecode.c.h; path = ABBeaconManager.h; sourceTree = "<group>"; };
		0F50D9471E9E41A300CC2071 /* ABBeaconRegion.h */ = {isa = PBXFileReference; fileEncoding = 4; lastKnownFileType = sourcecode.c.h; path = ABBeaconRegion.h; sourceTree = "<group>"; };
		0F50D9481E9E41A300CC2071 /* ABBluetoothManager.h */ = {isa = PBXFileReference; fileEncoding = 4; lastKnownFileType = sourcecode.c.h; path = ABBluetoothManager.h; sourceTree = "<group>"; };
		0F50D9491E9E41A300CC2071 /* ABDefinitions.h */ = {isa = PBXFileReference; fileEncoding = 4; lastKnownFileType = sourcecode.c.h; path = ABDefinitions.h; sourceTree = "<group>"; };
		0F50D94A1E9E41A300CC2071 /* ABError.h */ = {isa = PBXFileReference; fileEncoding = 4; lastKnownFileType = sourcecode.c.h; path = ABError.h; sourceTree = "<group>"; };
		0F50D94B1E9E41A300CC2071 /* ABSensor.h */ = {isa = PBXFileReference; fileEncoding = 4; lastKnownFileType = sourcecode.c.h; path = ABSensor.h; sourceTree = "<group>"; };
		0F50D94C1E9E41A300CC2071 /* AprilBeaconSDK.h */ = {isa = PBXFileReference; fileEncoding = 4; lastKnownFileType = sourcecode.c.h; path = AprilBeaconSDK.h; sourceTree = "<group>"; };
		0F66C94C1E8E76A300F813F3 /* libAprilBeaconSDK.a */ = {isa = PBXFileReference; lastKnownFileType = archive.ar; name = libAprilBeaconSDK.a; path = AprilSDK/libAprilBeaconSDK.a; sourceTree = "<group>"; };
		0FEAF4571E868D0000DCE400 /* IRequestUpBeacon.swift */ = {isa = PBXFileReference; fileEncoding = 4; lastKnownFileType = sourcecode.swift; path = IRequestUpBeacon.swift; sourceTree = "<group>"; };
		0FEAF45C1E86A73200DCE400 /* Constants.swift */ = {isa = PBXFileReference; fileEncoding = 4; lastKnownFileType = sourcecode.swift; path = Constants.swift; sourceTree = "<group>"; };
		215BA3B4DB80DD02707530F1 /* Pods_iBeacon.framework */ = {isa = PBXFileReference; explicitFileType = wrapper.framework; includeInIndex = 0; path = Pods_iBeacon.framework; sourceTree = BUILT_PRODUCTS_DIR; };
		6945672FFF523EFD3E3F36DD /* Pods-iBeacon.debug.xcconfig */ = {isa = PBXFileReference; includeInIndex = 1; lastKnownFileType = text.xcconfig; name = "Pods-iBeacon.debug.xcconfig"; path = "Pods/Target Support Files/Pods-iBeacon/Pods-iBeacon.debug.xcconfig"; sourceTree = "<group>"; };
		B3D16C78C25C17D264E103BB /* Pods-iBeacon.release.xcconfig */ = {isa = PBXFileReference; includeInIndex = 1; lastKnownFileType = text.xcconfig; name = "Pods-iBeacon.release.xcconfig"; path = "Pods/Target Support Files/Pods-iBeacon/Pods-iBeacon.release.xcconfig"; sourceTree = "<group>"; };
/* End PBXFileReference section */

/* Begin PBXFrameworksBuildPhase section */
		0F0D293B1E805758007A28A9 /* Frameworks */ = {
			isa = PBXFrameworksBuildPhase;
			buildActionMask = 2147483647;
			files = (
				A78F185B03E993B9A3F9B765 /* Pods_iBeacon.framework in Frameworks */,
				0F66C94D1E8E76A300F813F3 /* libAprilBeaconSDK.a in Frameworks */,
			);
			runOnlyForDeploymentPostprocessing = 0;
		};
/* End PBXFrameworksBuildPhase section */

/* Begin PBXGroup section */
		0F0D29351E805758007A28A9 = {
			isa = PBXGroup;
			children = (
				0F0D29401E805758007A28A9 /* iBeacon */,
				0F0D293F1E805758007A28A9 /* Products */,
				CE1CB775DBBF9EA356150B14 /* Pods */,
				EAC837B9C9D1B8A701C8548E /* Frameworks */,
			);
			sourceTree = "<group>";
		};
		0F0D293F1E805758007A28A9 /* Products */ = {
			isa = PBXGroup;
			children = (
				0F0D293E1E805758007A28A9 /* iBeacon.app */,
			);
			name = Products;
			sourceTree = "<group>";
		};
		0F0D29401E805758007A28A9 /* iBeacon */ = {
			isa = PBXGroup;
			children = (
				0F50D9441E9E41A300CC2071 /* Headers */,
				0FEAF4591E86A51400DCE400 /* utils */,
				0FEAF4561E868CD000DCE400 /* network */,
				0F0D296D1E80745B007A28A9 /* view */,
				0F0D29591E805C71007A28A9 /* model */,
				0F0D29411E805758007A28A9 /* AppDelegate.swift */,
				0F0D29431E805758007A28A9 /* ViewController.swift */,
				0F0D29451E805758007A28A9 /* Main.storyboard */,
				0F0D29481E805758007A28A9 /* Assets.xcassets */,
				0F0D294A1E805758007A28A9 /* LaunchScreen.storyboard */,
				0F0D294D1E805758007A28A9 /* Info.plist */,
				0F50D9381E9E3CAA00CC2071 /* iBeacon-Bridging-Header.h */,
			);
			path = iBeacon;
			sourceTree = "<group>";
		};
		0F0D29591E805C71007A28A9 /* model */ = {
			isa = PBXGroup;
			children = (
				0F0D295A1E805C97007A28A9 /* UpBeacon.swift */,
			);
			path = model;
			sourceTree = "<group>";
		};
		0F0D296D1E80745B007A28A9 /* view */ = {
			isa = PBXGroup;
			children = (
				0F0D296E1E807478007A28A9 /* UpBeaconCell.swift */,
			);
			path = view;
			sourceTree = "<group>";
		};
		0F50D9441E9E41A300CC2071 /* Headers */ = {
			isa = PBXGroup;
			children = (
				0F50D9451E9E41A300CC2071 /* ABBeacon.h */,
				0F50D9461E9E41A300CC2071 /* ABBeaconManager.h */,
				0F50D9471E9E41A300CC2071 /* ABBeaconRegion.h */,
				0F50D9481E9E41A300CC2071 /* ABBluetoothManager.h */,
				0F50D9491E9E41A300CC2071 /* ABDefinitions.h */,
				0F50D94A1E9E41A300CC2071 /* ABError.h */,
				0F50D94B1E9E41A300CC2071 /* ABSensor.h */,
				0F50D94C1E9E41A300CC2071 /* AprilBeaconSDK.h */,
			);
			name = Headers;
			path = AprilSDK/Headers;
			sourceTree = SOURCE_ROOT;
		};
		0FEAF4561E868CD000DCE400 /* network */ = {
			isa = PBXGroup;
			children = (
				0FEAF4571E868D0000DCE400 /* IRequestUpBeacon.swift */,
			);
			path = network;
			sourceTree = "<group>";
		};
		0FEAF4591E86A51400DCE400 /* utils */ = {
			isa = PBXGroup;
			children = (
				0FEAF45C1E86A73200DCE400 /* Constants.swift */,
			);
			path = utils;
			sourceTree = "<group>";
		};
		CE1CB775DBBF9EA356150B14 /* Pods */ = {
			isa = PBXGroup;
			children = (
				6945672FFF523EFD3E3F36DD /* Pods-iBeacon.debug.xcconfig */,
				B3D16C78C25C17D264E103BB /* Pods-iBeacon.release.xcconfig */,
			);
			name = Pods;
			sourceTree = "<group>";
		};
		EAC837B9C9D1B8A701C8548E /* Frameworks */ = {
			isa = PBXGroup;
			children = (
				0F66C94C1E8E76A300F813F3 /* libAprilBeaconSDK.a */,
				215BA3B4DB80DD02707530F1 /* Pods_iBeacon.framework */,
			);
			name = Frameworks;
			sourceTree = "<group>";
		};
/* End PBXGroup section */

/* Begin PBXNativeTarget section */
		0F0D293D1E805758007A28A9 /* iBeacon */ = {
			isa = PBXNativeTarget;
			buildConfigurationList = 0F0D29501E805758007A28A9 /* Build configuration list for PBXNativeTarget "iBeacon" */;
			buildPhases = (
				5F077850A04638290ACDABD2 /* [CP] Check Pods Manifest.lock */,
				0F0D293A1E805758007A28A9 /* Sources */,
				0F0D293B1E805758007A28A9 /* Frameworks */,
				0F0D293C1E805758007A28A9 /* Resources */,
				D01C7DB0FFBD18919A30A624 /* [CP] Embed Pods Frameworks */,
				3C42C45552247CC0EDA03BDD /* [CP] Copy Pods Resources */,
			);
			buildRules = (
			);
			dependencies = (
			);
			name = iBeacon;
			productName = iBeacon;
			productReference = 0F0D293E1E805758007A28A9 /* iBeacon.app */;
			productType = "com.apple.product-type.application";
		};
/* End PBXNativeTarget section */

/* Begin PBXProject section */
		0F0D29361E805758007A28A9 /* Project object */ = {
			isa = PBXProject;
			attributes = {
				LastSwiftUpdateCheck = 0820;
				LastUpgradeCheck = 0820;
				ORGANIZATIONNAME = UpMaster;
				TargetAttributes = {
					0F0D293D1E805758007A28A9 = {
						CreatedOnToolsVersion = 8.2.1;
						DevelopmentTeam = UVQCFA38Q3;
						ProvisioningStyle = Automatic;
					};
				};
			};
			buildConfigurationList = 0F0D29391E805758007A28A9 /* Build configuration list for PBXProject "iBeacon" */;
			compatibilityVersion = "Xcode 3.2";
			developmentRegion = English;
			hasScannedForEncodings = 0;
			knownRegions = (
				en,
				Base,
			);
			mainGroup = 0F0D29351E805758007A28A9;
			productRefGroup = 0F0D293F1E805758007A28A9 /* Products */;
			projectDirPath = "";
			projectRoot = "";
			targets = (
				0F0D293D1E805758007A28A9 /* iBeacon */,
			);
		};
/* End PBXProject section */

/* Begin PBXResourcesBuildPhase section */
		0F0D293C1E805758007A28A9 /* Resources */ = {
			isa = PBXResourcesBuildPhase;
			buildActionMask = 2147483647;
			files = (
				0F0D294C1E805758007A28A9 /* LaunchScreen.storyboard in Resources */,
				0F0D29491E805758007A28A9 /* Assets.xcassets in Resources */,
				0F0D29471E805758007A28A9 /* Main.storyboard in Resources */,
			);
			runOnlyForDeploymentPostprocessing = 0;
		};
/* End PBXResourcesBuildPhase section */

/* Begin PBXShellScriptBuildPhase section */
		3C42C45552247CC0EDA03BDD /* [CP] Copy Pods Resources */ = {
			isa = PBXShellScriptBuildPhase;
			buildActionMask = 2147483647;
			files = (
			);
			inputPaths = (
			);
			name = "[CP] Copy Pods Resources";
			outputPaths = (
			);
			runOnlyForDeploymentPostprocessing = 0;
			shellPath = /bin/sh;
			shellScript = "\"${SRCROOT}/Pods/Target Support Files/Pods-iBeacon/Pods-iBeacon-resources.sh\"\n";
			showEnvVarsInLog = 0;
		};
		5F077850A04638290ACDABD2 /* [CP] Check Pods Manifest.lock */ = {
			isa = PBXShellScriptBuildPhase;
			buildActionMask = 2147483647;
			files = (
			);
			inputPaths = (
			);
			name = "[CP] Check Pods Manifest.lock";
			outputPaths = (
			);
			runOnlyForDeploymentPostprocessing = 0;
			shellPath = /bin/sh;
			shellScript = "diff \"${PODS_ROOT}/../Podfile.lock\" \"${PODS_ROOT}/Manifest.lock\" > /dev/null\nif [ $? != 0 ] ; then\n    # print error to STDERR\n    echo \"error: The sandbox is not in sync with the Podfile.lock. Run 'pod install' or update your CocoaPods installation.\" >&2\n    exit 1\nfi\n";
			showEnvVarsInLog = 0;
		};
		D01C7DB0FFBD18919A30A624 /* [CP] Embed Pods Frameworks */ = {
			isa = PBXShellScriptBuildPhase;
			buildActionMask = 2147483647;
			files = (
			);
			inputPaths = (
			);
			name = "[CP] Embed Pods Frameworks";
			outputPaths = (
			);
			runOnlyForDeploymentPostprocessing = 0;
			shellPath = /bin/sh;
			shellScript = "\"${SRCROOT}/Pods/Target Support Files/Pods-iBeacon/Pods-iBeacon-frameworks.sh\"\n";
			showEnvVarsInLog = 0;
		};
/* End PBXShellScriptBuildPhase section */

/* Begin PBXSourcesBuildPhase section */
		0F0D293A1E805758007A28A9 /* Sources */ = {
			isa = PBXSourcesBuildPhase;
			buildActionMask = 2147483647;
			files = (
				0F0D29441E805758007A28A9 /* ViewController.swift in Sources */,
				0FEAF4581E868D0000DCE400 /* IRequestUpBeacon.swift in Sources */,
				0F0D29421E805758007A28A9 /* AppDelegate.swift in Sources */,
				0FEAF45D1E86A73200DCE400 /* Constants.swift in Sources */,
				0F0D296F1E807478007A28A9 /* UpBeaconCell.swift in Sources */,
				0F0D295B1E805C97007A28A9 /* UpBeacon.swift in Sources */,
			);
			runOnlyForDeploymentPostprocessing = 0;
		};
/* End PBXSourcesBuildPhase section */

/* Begin PBXVariantGroup section */
		0F0D29451E805758007A28A9 /* Main.storyboard */ = {
			isa = PBXVariantGroup;
			children = (
				0F0D29461E805758007A28A9 /* Base */,
			);
			name = Main.storyboard;
			sourceTree = "<group>";
		};
		0F0D294A1E805758007A28A9 /* LaunchScreen.storyboard */ = {
			isa = PBXVariantGroup;
			children = (
				0F0D294B1E805758007A28A9 /* Base */,
			);
			name = LaunchScreen.storyboard;
			sourceTree = "<group>";
		};
/* End PBXVariantGroup section */

/* Begin XCBuildConfiguration section */
		0F0D294E1E805758007A28A9 /* Debug */ = {
			isa = XCBuildConfiguration;
			buildSettings = {
				ALWAYS_SEARCH_USER_PATHS = NO;
				CLANG_ANALYZER_NONNULL = YES;
				CLANG_CXX_LANGUAGE_STANDARD = "gnu++0x";
				CLANG_CXX_LIBRARY = "libc++";
				CLANG_ENABLE_MODULES = YES;
				CLANG_ENABLE_OBJC_ARC = YES;
				CLANG_WARN_BOOL_CONVERSION = YES;
				CLANG_WARN_CONSTANT_CONVERSION = YES;
				CLANG_WARN_DIRECT_OBJC_ISA_USAGE = YES_ERROR;
				CLANG_WARN_DOCUMENTATION_COMMENTS = YES;
				CLANG_WARN_EMPTY_BODY = YES;
				CLANG_WARN_ENUM_CONVERSION = YES;
				CLANG_WARN_INFINITE_RECURSION = YES;
				CLANG_WARN_INT_CONVERSION = YES;
				CLANG_WARN_OBJC_ROOT_CLASS = YES_ERROR;
				CLANG_WARN_SUSPICIOUS_MOVE = YES;
				CLANG_WARN_UNREACHABLE_CODE = YES;
				CLANG_WARN__DUPLICATE_METHOD_MATCH = YES;
				"CODE_SIGN_IDENTITY[sdk=iphoneos*]" = "iPhone Developer";
				COPY_PHASE_STRIP = NO;
				DEBUG_INFORMATION_FORMAT = dwarf;
				ENABLE_STRICT_OBJC_MSGSEND = YES;
				ENABLE_TESTABILITY = YES;
				GCC_C_LANGUAGE_STANDARD = gnu99;
				GCC_DYNAMIC_NO_PIC = NO;
				GCC_NO_COMMON_BLOCKS = YES;
				GCC_OPTIMIZATION_LEVEL = 0;
				GCC_PREPROCESSOR_DEFINITIONS = (
					"DEBUG=1",
					"$(inherited)",
				);
				GCC_WARN_64_TO_32_BIT_CONVERSION = YES;
				GCC_WARN_ABOUT_RETURN_TYPE = YES_ERROR;
				GCC_WARN_UNDECLARED_SELECTOR = YES;
				GCC_WARN_UNINITIALIZED_AUTOS = YES_AGGRESSIVE;
				GCC_WARN_UNUSED_FUNCTION = YES;
				GCC_WARN_UNUSED_VARIABLE = YES;
				IPHONEOS_DEPLOYMENT_TARGET = 9.3;
				MTL_ENABLE_DEBUG_INFO = YES;
				ONLY_ACTIVE_ARCH = YES;
				SDKROOT = iphoneos;
				SWIFT_ACTIVE_COMPILATION_CONDITIONS = DEBUG;
				SWIFT_OPTIMIZATION_LEVEL = "-Onone";
				TARGETED_DEVICE_FAMILY = "1,2";
			};
			name = Debug;
		};
		0F0D294F1E805758007A28A9 /* Release */ = {
			isa = XCBuildConfiguration;
			buildSettings = {
				ALWAYS_SEARCH_USER_PATHS = NO;
				CLANG_ANALYZER_NONNULL = YES;
				CLANG_CXX_LANGUAGE_STANDARD = "gnu++0x";
				CLANG_CXX_LIBRARY = "libc++";
				CLANG_ENABLE_MODULES = YES;
				CLANG_ENABLE_OBJC_ARC = YES;
				CLANG_WARN_BOOL_CONVERSION = YES;
				CLANG_WARN_CONSTANT_CONVERSION = YES;
				CLANG_WARN_DIRECT_OBJC_ISA_USAGE = YES_ERROR;
				CLANG_WARN_DOCUMENTATION_COMMENTS = YES;
				CLANG_WARN_EMPTY_BODY = YES;
				CLANG_WARN_ENUM_CONVERSION = YES;
				CLANG_WARN_INFINITE_RECURSION = YES;
				CLANG_WARN_INT_CONVERSION = YES;
				CLANG_WARN_OBJC_ROOT_CLASS = YES_ERROR;
				CLANG_WARN_SUSPICIOUS_MOVE = YES;
				CLANG_WARN_UNREACHABLE_CODE = YES;
				CLANG_WARN__DUPLICATE_METHOD_MATCH = YES;
				"CODE_SIGN_IDENTITY[sdk=iphoneos*]" = "iPhone Developer";
				COPY_PHASE_STRIP = NO;
				DEBUG_INFORMATION_FORMAT = "dwarf-with-dsym";
				ENABLE_NS_ASSERTIONS = NO;
				ENABLE_STRICT_OBJC_MSGSEND = YES;
				GCC_C_LANGUAGE_STANDARD = gnu99;
				GCC_NO_COMMON_BLOCKS = YES;
				GCC_WARN_64_TO_32_BIT_CONVERSION = YES;
				GCC_WARN_ABOUT_RETURN_TYPE = YES_ERROR;
				GCC_WARN_UNDECLARED_SELECTOR = YES;
				GCC_WARN_UNINITIALIZED_AUTOS = YES_AGGRESSIVE;
				GCC_WARN_UNUSED_FUNCTION = YES;
				GCC_WARN_UNUSED_VARIABLE = YES;
				IPHONEOS_DEPLOYMENT_TARGET = 9.3;
				MTL_ENABLE_DEBUG_INFO = NO;
				SDKROOT = iphoneos;
				SWIFT_OPTIMIZATION_LEVEL = "-Owholemodule";
				TARGETED_DEVICE_FAMILY = "1,2";
				VALIDATE_PRODUCT = YES;
			};
			name = Release;
		};
		0F0D29511E805758007A28A9 /* Debug */ = {
			isa = XCBuildConfiguration;
			baseConfigurationReference = 6945672FFF523EFD3E3F36DD /* Pods-iBeacon.debug.xcconfig */;
			buildSettings = {
				ASSETCATALOG_COMPILER_APPICON_NAME = AppIcon;
				DEVELOPMENT_TEAM = UVQCFA38Q3;
				INFOPLIST_FILE = iBeacon/Info.plist;
				LD_RUNPATH_SEARCH_PATHS = "$(inherited) @executable_path/Frameworks";
				LIBRARY_SEARCH_PATHS = (
					"$(inherited)",
					"$(PROJECT_DIR)/AprilSDK",
				);
				PRODUCT_BUNDLE_IDENTIFIER = il.co.upmaster.beacon.iBeacon;
				PRODUCT_NAME = "$(TARGET_NAME)";
				SWIFT_OBJC_BRIDGING_HEADER = "/Users/alexburzak/Documents/iBeacon/iBeacon/iBeacon-Bridging-Header.h";
				SWIFT_VERSION = 3.0;
				USER_HEADER_SEARCH_PATHS = AprilSDK/Headers;
			};
			name = Debug;
		};
		0F0D29521E805758007A28A9 /* Release */ = {
			isa = XCBuildConfiguration;
			baseConfigurationReference = B3D16C78C25C17D264E103BB /* Pods-iBeacon.release.xcconfig */;
			buildSettings = {
				ASSETCATALOG_COMPILER_APPICON_NAME = AppIcon;
				DEVELOPMENT_TEAM = UVQCFA38Q3;
				INFOPLIST_FILE = iBeacon/Info.plist;
				LD_RUNPATH_SEARCH_PATHS = "$(inherited) @executable_path/Frameworks";
				LIBRARY_SEARCH_PATHS = (
					"$(inherited)",
					"$(PROJECT_DIR)/AprilSDK",
				);
				PRODUCT_BUNDLE_IDENTIFIER = il.co.upmaster.beacon.iBeacon;
				PRODUCT_NAME = "$(TARGET_NAME)";
				SWIFT_OBJC_BRIDGING_HEADER = "/Users/alexburzak/Documents/iBeacon/iBeacon/iBeacon-Bridging-Header.h";
				SWIFT_VERSION = 3.0;
				USER_HEADER_SEARCH_PATHS = AprilSDK/Headers;
			};
			name = Release;
		};
/* End XCBuildConfiguration section */

/* Begin XCConfigurationList section */
		0F0D29391E805758007A28A9 /* Build configuration list for PBXProject "iBeacon" */ = {
			isa = XCConfigurationList;
			buildConfigurations = (
				0F0D294E1E805758007A28A9 /* Debug */,
				0F0D294F1E805758007A28A9 /* Release */,
			);
			defaultConfigurationIsVisible = 0;
			defaultConfigurationName = Release;
		};
		0F0D29501E805758007A28A9 /* Build configuration list for PBXNativeTarget "iBeacon" */ = {
			isa = XCConfigurationList;
			buildConfigurations = (
				0F0D29511E805758007A28A9 /* Debug */,
				0F0D29521E805758007A28A9 /* Release */,
			);
			defaultConfigurationIsVisible = 0;
			defaultConfigurationName = Release;
		};
/* End XCConfigurationList section */
	};
	rootObject = 0F0D29361E805758007A28A9 /* Project object */;
}
